// !$*UTF8*$!
{
	archiveVersion = 1;
	classes = {
	};
	objectVersion = 77;
	objects = {

/* Begin PBXBuildFile section */
		0B94FE2C2F99F1AD0089DCB4 /* libglfw.3.dylib in Frameworks */ = {isa = PBXBuildFile; fileRef = 0B94FE2B2F99F1AD0089DCB4 /* libglfw.3.dylib */; };
		0B94FEED2F99FACA0089DCB4 /* Cocoa.framework in Frameworks */ = {isa = PBXBuildFile; fileRef = 0B94FEEC2F99FACA0089DCB4 /* Cocoa.framework */; };
		0B94FEEF2F99FAD10089DCB4 /* IOKit.framework in Frameworks */ = {isa = PBXBuildFile; fileRef = 0B94FEEE2F99FAD10089DCB4 /* IOKit.framework */; };
		0B94FEF12F99FAF50089DCB4 /* CoreGraphics.framework in Frameworks */ = {isa = PBXBuildFile; fileRef = 0B94FEF02F99FAF50089DCB4 /* CoreGraphics.framework */; };
		0B94FEF32F99FAFD0089DCB4 /* QuartzCore.framework in Frameworks */ = {isa = PBXBuildFile; fileRef = 0B94FEF22F99FAFD0089DCB4 /* QuartzCore.framework */; };
		0B94FEF52F99FB130089DCB4 /* Metal.framework in Frameworks */ = {isa = PBXBuildFile; fileRef = 0B94FEF42F99FB130089DCB4 /* Metal.framework */; };
		0B94FEF72F99FB190089DCB4 /* Accelerate.framework in Frameworks */ = {isa = PBXBuildFile; fileRef = 0B94FEF62F99FB190089DCB4 /* Accelerate.framework */; };
		0BD15A832F9B894F00D3B82F /* libglfw.3.dylib in Embed Libraries */ = {isa = PBXBuildFile; fileRef = 0B94FE2B2F99F1AD0089DCB4 /* libglfw.3.dylib */; settings = {ATTRIBUTES = (CodeSignOnCopy, ); }; };
/* End PBXBuildFile section */

/* Begin PBXCopyFilesBuildPhase section */
		0BD15A842F9B894F00D3B82F /* Embed Libraries */ = {
			isa = PBXCopyFilesBuildPhase;
			buildActionMask = 2147483647;
			dstPath = "";
			dstSubfolderSpec = 10;
			files = (
				0BD15A832F9B894F00D3B82F /* libglfw.3.dylib in Embed Libraries */,
			);
			name = "Embed Libraries";
			runOnlyForDeploymentPostprocessing = 0;
		};
/* End PBXCopyFilesBuildPhase section */

/* Begin PBXFileReference section */
		0B6ECDB92F9790C80018F635 /* Engine05.app */ = {isa = PBXFileReference; explicitFileType = wrapper.application; includeInIndex = 0; path = Engine05.app; sourceTree = BUILT_PRODUCTS_DIR; };
		0B94FE2B2F99F1AD0089DCB4 /* libglfw.3.dylib */ = {isa = PBXFileReference; lastKnownFileType = "compiled.mach-o.dylib"; name = libglfw.3.dylib; path = "../../../env_cpp/glfw-3.4.bin.MACOS/lib-arm64/libglfw.3.dylib"; sourceTree = "<group>"; };
		0B94FEEC2F99FACA0089DCB4 /* Cocoa.framework */ = {isa = PBXFileReference; lastKnownFileType = wrapper.framework; name = Cocoa.framework; path = System/Library/Frameworks/Cocoa.framework; sourceTree = SDKROOT; };
		0B94FEEE2F99FAD10089DCB4 /* IOKit.framework */ = {isa = PBXFileReference; lastKnownFileType = wrapper.framework; name = IOKit.framework; path = System/Library/Frameworks/IOKit.framework; sourceTree = SDKROOT; };
		0B94FEF02F99FAF50089DCB4 /* CoreGraphics.framework */ = {isa = PBXFileReference; lastKnownFileType = wrapper.framework; name = CoreGraphics.framework; path = System/Library/Frameworks/CoreGraphics.framework; sourceTree = SDKROOT; };
		0B94FEF22F99FAFD0089DCB4 /* QuartzCore.framework */ = {isa = PBXFileReference; lastKnownFileType = wrapper.framework; name = QuartzCore.framework; path = System/Library/Frameworks/QuartzCore.framework; sourceTree = SDKROOT; };
		0B94FEF42F99FB130089DCB4 /* Metal.framework */ = {isa = PBXFileReference; lastKnownFileType = wrapper.framework; name = Metal.framework; path = System/Library/Frameworks/Metal.framework; sourceTree = SDKROOT; };
		0B94FEF62F99FB190089DCB4 /* Accelerate.framework */ = {isa = PBXFileReference; lastKnownFileType = wrapper.framework; name = Accelerate.framework; path = System/Library/Frameworks/Accelerate.framework; sourceTree = SDKROOT; };
		0B94FEFE2F9A00100089DCB4 /* libglfw.3.dylib */ = {isa = PBXFileReference; lastKnownFileType = "compiled.mach-o.dylib"; name = libglfw.3.dylib; path = "../../../env_cpp/glfw-3.4.bin.MACOS/lib-arm64/libglfw.3.dylib"; sourceTree = "<group>"; };
/* End PBXFileReference section */

/* Begin PBXFileSystemSynchronizedRootGroup section */
		0B6ECDBB2F9790C80018F635 /* Engine05 */ = {
			isa = PBXFileSystemSynchronizedRootGroup;
			path = Engine05;
			sourceTree = "<group>";
		};
		0B94FE322F99F2370089DCB4 /* Application */ = {
			isa = PBXFileSystemSynchronizedRootGroup;
			path = Application;
			sourceTree = "<group>";
		};
		0B94FE332F99F2950089DCB4 /* Renderer */ = {
			isa = PBXFileSystemSynchronizedRootGroup;
			path = Renderer;
			sourceTree = "<group>";
		};
		0B94FE352F99F2FC0089DCB4 /* Assets */ = {
			isa = PBXFileSystemSynchronizedRootGroup;
			path = Assets;
			sourceTree = "<group>";
		};
		0B94FE392F99F4C30089DCB4 /* Audio */ = {
			isa = PBXFileSystemSynchronizedRootGroup;
			path = Audio;
			sourceTree = "<group>";
		};
		0BD15A822F9B890200D3B82F /* AssetsMannger */ = {
			isa = PBXFileSystemSynchronizedRootGroup;
			path = AssetsMannger;
			sourceTree = "<group>";
		};
		0BD15A852F9B8A5C00D3B82F /* Game */ = {
			isa = PBXFileSystemSynchronizedRootGroup;
			path = Game;
			sourceTree = "<group>";
		};
/* End PBXFileSystemSynchronizedRootGroup section */

/* Begin PBXFrameworksBuildPhase section */
		0B6ECDB62F9790C80018F635 /* Frameworks */ = {
			isa = PBXFrameworksBuildPhase;
			buildActionMask = 2147483647;
			files = (
				0B94FEF32F99FAFD0089DCB4 /* QuartzCore.framework in Frameworks */,
				0B94FEF72F99FB190089DCB4 /* Accelerate.framework in Frameworks */,
				0B94FEF12F99FAF50089DCB4 /* CoreGraphics.framework in Frameworks */,
				0B94FEED2F99FACA0089DCB4 /* Cocoa.framework in Frameworks */,
				0B94FE2C2F99F1AD0089DCB4 /* libglfw.3.dylib in Frameworks */,
				0B94FEF52F99FB130089DCB4 /* Metal.framework in Frameworks */,
				0B94FEEF2F99FAD10089DCB4 /* IOKit.framework in Frameworks */,
			);
			runOnlyForDeploymentPostprocessing = 0;
		};
/* End PBXFrameworksBuildPhase section */

/* Begin PBXGroup section */
		0B6ECDB02F9790C80018F635 = {
			isa = PBXGroup;
			children = (
				0B94FEFE2F9A00100089DCB4 /* libglfw.3.dylib */,
				0BD15A852F9B8A5C00D3B82F /* Game */,
				0BD15A822F9B890200D3B82F /* AssetsMannger */,
				0B94FE392F99F4C30089DCB4 /* Audio */,
				0B94FE352F99F2FC0089DCB4 /* Assets */,
				0B94FE332F99F2950089DCB4 /* Renderer */,
				0B94FE322F99F2370089DCB4 /* Application */,
				0B6ECDBB2F9790C80018F635 /* Engine05 */,
				0B94FE2A2F99F1AD0089DCB4 /* Frameworks */,
				0B6ECDBA2F9790C80018F635 /* Products */,
			);
			sourceTree = "<group>";
		};
		0B6ECDBA2F9790C80018F635 /* Products */ = {
			isa = PBXGroup;
			children = (
				0B6ECDB92F9790C80018F635 /* Engine05.app */,
			);
			name = Products;
			sourceTree = "<group>";
		};
		0B94FE2A2F99F1AD0089DCB4 /* Frameworks */ = {
			isa = PBXGroup;
			children = (
				0B94FEF62F99FB190089DCB4 /* Accelerate.framework */,
				0B94FEF42F99FB130089DCB4 /* Metal.framework */,
				0B94FEF22F99FAFD0089DCB4 /* QuartzCore.framework */,
				0B94FEF02F99FAF50089DCB4 /* CoreGraphics.framework */,
				0B94FEEE2F99FAD10089DCB4 /* IOKit.framework */,
				0B94FEEC2F99FACA0089DCB4 /* Cocoa.framework */,
				0B94FE2B2F99F1AD0089DCB4 /* libglfw.3.dylib */,
			);
			name = Frameworks;
			sourceTree = "<group>";
		};
/* End PBXGroup section */

/* Begin PBXNativeTarget section */
		0B6ECDB82F9790C80018F635 /* Engine05 */ = {
			isa = PBXNativeTarget;
			buildConfigurationList = 0B6ECDCC2F9790C90018F635 /* Build configuration list for PBXNativeTarget "Engine05" */;
			buildPhases = (
				0B6ECDB52F9790C80018F635 /* Sources */,
				0B6ECDB62F9790C80018F635 /* Frameworks */,
				0B6ECDB72F9790C80018F635 /* Resources */,
				0BD15A842F9B894F00D3B82F /* Embed Libraries */,
			);
			buildRules = (
			);
			dependencies = (
			);
			fileSystemSynchronizedGroups = (
				0B6ECDBB2F9790C80018F635 /* Engine05 */,
				0B94FE322F99F2370089DCB4 /* Application */,
				0B94FE332F99F2950089DCB4 /* Renderer */,
				0B94FE352F99F2FC0089DCB4 /* Assets */,
				0B94FE392F99F4C30089DCB4 /* Audio */,
				0BD15A822F9B890200D3B82F /* AssetsMannger */,
				0BD15A852F9B8A5C00D3B82F /* Game */,
			);
			name = Engine05;
			packageProductDependencies = (
			);
			productName = Engine05;
			productReference = 0B6ECDB92F9790C80018F635 /* Engine05.app */;
			productType = "com.apple.product-type.application";
		};
/* End PBXNativeTarget section */

/* Begin PBXProject section */
		0B6ECDB12F9790C80018F635 /* Project object */ = {
			isa = PBXProject;
			attributes = {
				BuildIndependentTargetsInParallel = 1;
				LastUpgradeCheck = 1620;
				TargetAttributes = {
					0B6ECDB82F9790C80018F635 = {
						CreatedOnToolsVersion = 16.2;
					};
				};
			};
			buildConfigurationList = 0B6ECDB42F9790C80018F635 /* Build configuration list for PBXProject "Engine05" */;
			developmentRegion = en;
			hasScannedForEncodings = 0;
			knownRegions = (
				en,
				Base,
			);
			mainGroup = 0B6ECDB02F9790C80018F635;
			minimizedProjectReferenceProxies = 1;
			preferredProjectObjectVersion = 77;
			productRefGroup = 0B6ECDBA2F9790C80018F635 /* Products */;
			projectDirPath = "";
			projectRoot = "";
			targets = (
				0B6ECDB82F9790C80018F635 /* Engine05 */,
			);
		};
/* End PBXProject section */

/* Begin PBXResourcesBuildPhase section */
		0B6ECDB72F9790C80018F635 /* Resources */ = {
			isa = PBXResourcesBuildPhase;
			buildActionMask = 2147483647;
			files = (
			);
			runOnlyForDeploymentPostprocessing = 0;
		};
/* End PBXResourcesBuildPhase section */

/* Begin PBXSourcesBuildPhase section */
		0B6ECDB52F9790C80018F635 /* Sources */ = {
			isa = PBXSourcesBuildPhase;
			buildActionMask = 2147483647;
			files = (
			);
			runOnlyForDeploymentPostprocessing = 0;
		};
/* End PBXSourcesBuildPhase section */

/* Begin XCBuildConfiguration section */
		0B6ECDCA2F9790C90018F635 /* Debug */ = {
			isa = XCBuildConfiguration;
			buildSettings = {
				ALWAYS_SEARCH_USER_PATHS = NO;
				ASSETCATALOG_COMPILER_GENERATE_SWIFT_ASSET_SYMBOL_EXTENSIONS = YES;
				CLANG_ANALYZER_NONNULL = YES;
				CLANG_ANALYZER_NUMBER_OBJECT_CONVERSION = YES_AGGRESSIVE;
				CLANG_CXX_LANGUAGE_STANDARD = "gnu++20";
				CLANG_ENABLE_MODULES = YES;
				CLANG_ENABLE_OBJC_ARC = YES;
				CLANG_ENABLE_OBJC_WEAK = YES;
				CLANG_WARN_BLOCK_CAPTURE_AUTORELEASING = YES;
				CLANG_WARN_BOOL_CONVERSION = YES;
				CLANG_WARN_COMMA = YES;
				CLANG_WARN_CONSTANT_CONVERSION = YES;
				CLANG_WARN_DEPRECATED_OBJC_IMPLEMENTATIONS = YES;
				CLANG_WARN_DIRECT_OBJC_ISA_USAGE = YES_ERROR;
				CLANG_WARN_DOCUMENTATION_COMMENTS = YES;
				CLANG_WARN_EMPTY_BODY = YES;
				CLANG_WARN_ENUM_CONVERSION = YES;
				CLANG_WARN_INFINITE_RECURSION = YES;
				CLANG_WARN_INT_CONVERSION = YES;
				CLANG_WARN_NON_LITERAL_NULL_CONVERSION = YES;
				CLANG_WARN_OBJC_IMPLICIT_RETAIN_SELF = YES;
				CLANG_WARN_OBJC_LITERAL_CONVERSION = YES;
				CLANG_WARN_OBJC_ROOT_CLASS = YES_ERROR;
				CLANG_WARN_QUOTED_INCLUDE_IN_FRAMEWORK_HEADER = YES;
				CLANG_WARN_RANGE_LOOP_ANALYSIS = YES;
				CLANG_WARN_STRICT_PROTOTYPES = YES;
				CLANG_WARN_SUSPICIOUS_MOVE = YES;
				CLANG_WARN_UNGUARDED_AVAILABILITY = YES_AGGRESSIVE;
				CLANG_WARN_UNREACHABLE_CODE = YES;
				CLANG_WARN__DUPLICATE_METHOD_MATCH = YES;
				COPY_PHASE_STRIP = NO;
				DEBUG_INFORMATION_FORMAT = dwarf;
				ENABLE_STRICT_OBJC_MSGSEND = YES;
				ENABLE_TESTABILITY = YES;
				ENABLE_USER_SCRIPT_SANDBOXING = YES;
				GCC_C_LANGUAGE_STANDARD = gnu17;
				GCC_DYNAMIC_NO_PIC = NO;
				GCC_NO_COMMON_BLOCKS = YES;
				GCC_OPTIMIZATION_LEVEL = 0;
				GCC_PREPROCESSOR_DEFINITIONS = (
					"DEBUG=1",
					"$(inherited)",
				);
				GCC_WARN_64_TO_32_BIT_CONVERSION = YES;
				GCC_WARN_ABOUT_RETURN_TYPE = YES_ERROR;
				GCC_WARN_UNDECLARED_SELECTOR = YES;
				GCC_WARN_UNINITIALIZED_AUTOS = YES_AGGRESSIVE;
				GCC_WARN_UNUSED_FUNCTION = YES;
				GCC_WARN_UNUSED_VARIABLE = YES;
				LOCALIZATION_PREFERS_STRING_CATALOGS = YES;
				MACOSX_DEPLOYMENT_TARGET = 14.7;
				MTL_ENABLE_DEBUG_INFO = INCLUDE_SOURCE;
				MTL_FAST_MATH = YES;
				ONLY_ACTIVE_ARCH = YES;
				SDKROOT = macosx;
			};
			name = Debug;
		};
		0B6ECDCB2F9790C90018F635 /* Release */ = {
			isa = XCBuildConfiguration;
			buildSettings = {
				ALWAYS_SEARCH_USER_PATHS = NO;
				ASSETCATALOG_COMPILER_GENERATE_SWIFT_ASSET_SYMBOL_EXTENSIONS = YES;
				CLANG_ANALYZER_NONNULL = YES;
				CLANG_ANALYZER_NUMBER_OBJECT_CONVERSION = YES_AGGRESSIVE;
				CLANG_CXX_LANGUAGE_STANDARD = "gnu++20";
				CLANG_ENABLE_MODULES = YES;
				CLANG_ENABLE_OBJC_ARC = YES;
				CLANG_ENABLE_OBJC_WEAK = YES;
				CLANG_WARN_BLOCK_CAPTURE_AUTORELEASING = YES;
				CLANG_WARN_BOOL_CONVERSION = YES;
				CLANG_WARN_COMMA = YES;
				CLANG_WARN_CONSTANT_CONVERSION = YES;
				CLANG_WARN_DEPRECATED_OBJC_IMPLEMENTATIONS = YES;
				CLANG_WARN_DIRECT_OBJC_ISA_USAGE = YES_ERROR;
				CLANG_WARN_DOCUMENTATION_COMMENTS = YES;
				CLANG_WARN_EMPTY_BODY = YES;
				CLANG_WARN_ENUM_CONVERSION = YES;
				CLANG_WARN_INFINITE_RECURSION = YES;
				CLANG_WARN_INT_CONVERSION = YES;
				CLANG_WARN_NON_LITERAL_NULL_CONVERSION = YES;
				CLANG_WARN_OBJC_IMPLICIT_RETAIN_SELF = YES;
				CLANG_WARN_OBJC_LITERAL_CONVERSION = YES;
				CLANG_WARN_OBJC_ROOT_CLASS = YES_ERROR;
				CLANG_WARN_QUOTED_INCLUDE_IN_FRAMEWORK_HEADER = YES;
				CLANG_WARN_RANGE_LOOP_ANALYSIS = YES;
				CLANG_WARN_STRICT_PROTOTYPES = YES;
				CLANG_WARN_SUSPICIOUS_MOVE = YES;
				CLANG_WARN_UNGUARDED_AVAILABILITY = YES_AGGRESSIVE;
				CLANG_WARN_UNREACHABLE_CODE = YES;
				CLANG_WARN__DUPLICATE_METHOD_MATCH = YES;
				COPY_PHASE_STRIP = NO;
				DEBUG_INFORMATION_FORMAT = "dwarf-with-dsym";
				ENABLE_NS_ASSERTIONS = NO;
				ENABLE_STRICT_OBJC_MSGSEND = YES;
				ENABLE_USER_SCRIPT_SANDBOXING = YES;
				GCC_C_LANGUAGE_STANDARD = gnu17;
				GCC_NO_COMMON_BLOCKS = YES;
				GCC_WARN_64_TO_32_BIT_CONVERSION = YES;
				GCC_WARN_ABOUT_RETURN_TYPE = YES_ERROR;
				GCC_WARN_UNDECLARED_SELECTOR = YES;
				GCC_WARN_UNINITIALIZED_AUTOS = YES_AGGRESSIVE;
				GCC_WARN_UNUSED_FUNCTION = YES;
				GCC_WARN_UNUSED_VARIABLE = YES;
				LOCALIZATION_PREFERS_STRING_CATALOGS = YES;
				MACOSX_DEPLOYMENT_TARGET = 14.7;
				MTL_ENABLE_DEBUG_INFO = NO;
				MTL_FAST_MATH = YES;
				SDKROOT = macosx;
			};
			name = Release;
		};
		0B6ECDCD2F9790C90018F635 /* Debug */ = {
			isa = XCBuildConfiguration;
			buildSettings = {
				ASSETCATALOG_COMPILER_APPICON_NAME = AppIcon;
				ASSETCATALOG_COMPILER_GLOBAL_ACCENT_COLOR_NAME = AccentColor;
				CLANG_CXX_LANGUAGE_STANDARD = "c++17";
				CODE_SIGN_ENTITLEMENTS = Engine05/Engine05.entitlements;
				CODE_SIGN_STYLE = Automatic;
				COMBINE_HIDPI_IMAGES = YES;
				CURRENT_PROJECT_VERSION = 1;
				DEVELOPMENT_TEAM = 63AWKUZW28;
				ENABLE_HARDENED_RUNTIME = YES;
				FRAMEWORK_SEARCH_PATHS = "";
				GENERATE_INFOPLIST_FILE = YES;
				HEADER_SEARCH_PATHS = (
					"/Users/chenruyi/env_cpp/glfw-3.4.bin.MACOS/include/",
					"/Users/chenruyi/env_cpp/metal-cpp",
					/Users/chenruyi/env_cpp/gltf/,
					/Users/chenruyi/env_cpp/miniaudio,
				);
				INFOPLIST_KEY_NSHumanReadableCopyright = "";
				INFOPLIST_KEY_NSMainStoryboardFile = Main;
				INFOPLIST_KEY_NSPrincipalClass = NSApplication;
				LD_RUNPATH_SEARCH_PATHS = (
					"$(inherited)",
					"@executable_path/../Frameworks",
				);
				LIBRARY_SEARCH_PATHS = "/Users/chenruyi/env_cpp/glfw-3.4.bin.MACOS/lib-arm64";
				MARKETING_VERSION = 1.0;
				PRODUCT_BUNDLE_IDENTIFIER = com.chenruyi.Engine05;
				PRODUCT_NAME = "$(TARGET_NAME)";
				SWIFT_EMIT_LOC_STRINGS = YES;
			};
			name = Debug;
		};
		0B6ECDCE2F9790C90018F635 /* Release */ = {
			isa = XCBuildConfiguration;
			buildSettings = {
				ASSETCATALOG_COMPILER_APPICON_NAME = AppIcon;
				ASSETCATALOG_COMPILER_GLOBAL_ACCENT_COLOR_NAME = AccentColor;
				CLANG_CXX_LANGUAGE_STANDARD = "c++17";
				CODE_SIGN_ENTITLEMENTS = Engine05/Engine05.entitlements;
				CODE_SIGN_STYLE = Automatic;
				COMBINE_HIDPI_IMAGES = YES;
				CURRENT_PROJECT_VERSION = 1;
				DEVELOPMENT_TEAM = 63AWKUZW28;
				ENABLE_HARDENED_RUNTIME = YES;
				FRAMEWORK_SEARCH_PATHS = "";
				GENERATE_INFOPLIST_FILE = YES;
				HEADER_SEARCH_PATHS = (
					"/Users/chenruyi/env_cpp/glfw-3.4.bin.MACOS/include/",
					"/Users/chenruyi/env_cpp/metal-cpp",
					/Users/chenruyi/env_cpp/gltf/,
					/Users/chenruyi/env_cpp/miniaudio,
				);
				INFOPLIST_KEY_NSHumanReadableCopyright = "";
				INFOPLIST_KEY_NSMainStoryboardFile = Main;
				INFOPLIST_KEY_NSPrincipalClass = NSApplication;
				LD_RUNPATH_SEARCH_PATHS = (
					"$(inherited)",
					"@executable_path/../Frameworks",
				);
				LIBRARY_SEARCH_PATHS = "/Users/chenruyi/env_cpp/glfw-3.4.bin.MACOS/lib-arm64";
				MARKETING_VERSION = 1.0;
				PRODUCT_BUNDLE_IDENTIFIER = com.chenruyi.Engine05;
				PRODUCT_NAME = "$(TARGET_NAME)";
				SWIFT_EMIT_LOC_STRINGS = YES;
			};
			name = Release;
		};
/* End XCBuildConfiguration section */

/* Begin XCConfigurationList section */
		0B6ECDB42F9790C80018F635 /* Build configuration list for PBXProject "Engine05" */ = {
			isa = XCConfigurationList;
			buildConfigurations = (
				0B6ECDCA2F9790C90018F635 /* Debug */,
				0B6ECDCB2F9790C90018F635 /* Release */,
			);
			defaultConfigurationIsVisible = 0;
			defaultConfigurationName = Release;
		};
		0B6ECDCC2F9790C90018F635 /* Build configuration list for PBXNativeTarget "Engine05" */ = {
			isa = XCConfigurationList;
			buildConfigurations = (
				0B6ECDCD2F9790C90018F635 /* Debug */,
				0B6ECDCE2F9790C90018F635 /* Release */,
			);
			defaultConfigurationIsVisible = 0;
			defaultConfigurationName = Release;
		};
/* End XCConfigurationList section */
	};
	rootObject = 0B6ECDB12F9790C80018F635 /* Project object */;
}
